# This file was autogenerated by Stack.
# You should not edit this file by hand.
# For more information, please see the documentation at:
#   https://docs.haskellstack.org/en/stable/lock_files

packages:
- completed:
    cabal-file:
      size: 8867
      sha256: 7890c126df0503cf788fd09714573c7acc9310c5a72fb1bdab5bf912f689e5de
    name: hakyll
    version: 4.13.1.0
    git: https://github.com/jaspervdj/hakyll.git
    pantry-tree:
      size: 11663
      sha256: cb0ddbc4079b6d26a9fd3ecd8cf1ed9d152ee715e859c22d3d6441b3089f12d4
    commit: e94ceb6c05a914515a5b9600c041a0442bc75542
  original:
    git: https://github.com/jaspervdj/hakyll.git
    commit: e94ceb6c05a914515a5b9600c041a0442bc75542
- completed:
    hackage: hakyll-images-0.4.2@sha256:0e9b923272fcba5e5e172f632a1eb1a8a8e7cd3058be151ce815dedd1958bbce,2302
    pantry-tree:
      size: 1009
      sha256: 10af55c2992e3e2742fe9f11490b68dcdbb54cc441d1805dcf3a97b2c205ffed
  original:
    hackage: hakyll-images-0.4.2@sha256:0e9b923272fcba5e5e172f632a1eb1a8a8e7cd3058be151ce815dedd1958bbce,2302
- completed:
    hackage: hakyll-typescript-0.0.1.0@sha256:907ef7ed7a8882c478e56f0903145c402ef5c17423b7440c8776d9b4bbffedce,2125
    pantry-tree:
      size: 760
      sha256: 7c3642f57fd9f7fa41a3997a5d8608bb2a09abc8271d84ab6e6ff1f5f1358d50
  original:
    hackage: hakyll-typescript-0.0.1.0
snapshots:
- completed:
    size: 489011
    url: https://raw.githubusercontent.com/commercialhaskell/stackage-snapshots/master/lts/15/1.yaml
    sha256: d4ecc42b7125d68e4c3c036a08046ad0cd02ae0d9efbe3af2223a00ff8cc16f3
  original: lts-15.1
